
Microsoft Visual Studio Solution File, Format Version 12.00
# Visual Studio Version 17
VisualStudioVersion = 17.9.34622.214
MinimumVisualStudioVersion = 10.0.40219.1
Project("{FAE04EC0-301F-11D3-BF4B-00C04F79EFBC}") = "WebApplication1", "WebApplication1.csproj", "{3346837D-EF1F-47E8-BF88-925C445E282A}"
EndProject
Global
	GlobalSection(SolutionConfigurationPlatforms) = preSolution
		Debug|Any CPU = Debug|Any CPU
		Release|Any CPU = Release|Any CPU
	EndGlobalSection
	GlobalSection(ProjectConfigurationPlatforms) = postSolution
		{3346837D-EF1F-47E8-BF88-925C445E282A}.Debug|Any CPU.ActiveCfg = Debug|Any CPU
		{3346837D-EF1F-47E8-BF88-925C445E282A}.Debug|Any CPU.Build.0 = Debug|Any CPU
		{3346837D-EF1F-47E8-BF88-925C445E282A}.Release|Any CPU.ActiveCfg = Release|Any CPU
		{3346837D-EF1F-47E8-BF88-925C445E282A}.Release|Any CPU.Build.0 = Release|Any CPU
	EndGlobalSection
	GlobalSection(SolutionProperties) = preSolution
		HideSolutionNode = FALSE
	EndGlobalSection
	GlobalSection(ExtensibilityGlobals) = postSolution
		SolutionGuid = {F0460EB0-F39A-41F0-B394-95B2FD8EF6FA}
	EndGlobalSection
EndGlobal
